
Microsoft Visual Studio Solution File, Format Version 12.00
# Visual Studio Version 17
VisualStudioVersion = 17.1.31911.260
MinimumVisualStudioVersion = 10.0.40219.1
Project("{FAE04EC0-301F-11D3-BF4B-00C04F79EFBC}") = "TesteManyToManyErro", "TesteManyToManyErro.csproj", "{6ED240F3-DB64-419F-8A1A-D2253E47112B}"
EndProject
Global
	GlobalSection(SolutionConfigurationPlatforms) = preSolution
		Debug|Any CPU = Debug|Any CPU
		Release|Any CPU = Release|Any CPU
	EndGlobalSection
	GlobalSection(ProjectConfigurationPlatforms) = postSolution
		{6ED240F3-DB64-419F-8A1A-D2253E47112B}.Debug|Any CPU.ActiveCfg = Debug|Any CPU
		{6ED240F3-DB64-419F-8A1A-D2253E47112B}.Debug|Any CPU.Build.0 = Debug|Any CPU
		{6ED240F3-DB64-419F-8A1A-D2253E47112B}.Release|Any CPU.ActiveCfg = Release|Any CPU
		{6ED240F3-DB64-419F-8A1A-D2253E47112B}.Release|Any CPU.Build.0 = Release|Any CPU
	EndGlobalSection
	GlobalSection(SolutionProperties) = preSolution
		HideSolutionNode = FALSE
	EndGlobalSection
	GlobalSection(ExtensibilityGlobals) = postSolution
		SolutionGuid = {981BA167-9233-482C-B2A7-AB77C94B9F66}
	EndGlobalSection
EndGlobal
